
Microsoft Visual Studio Solution File, Format Version 12.00
# Visual Studio Version 17
VisualStudioVersion = 17.14.36221.1 d17.14
MinimumVisualStudioVersion = 10.0.40219.1
Project("{FAE04EC0-301F-11D3-BF4B-00C04F79EFBC}") = "TimeAndSaleIndi", "TimeAndSaleIndi.csproj", "{1370C769-1DB7-B0D5-A33B-5267A69A44FB}"
EndProject
Global
	GlobalSection(SolutionConfigurationPlatforms) = preSolution
		Debug|Any CPU = Debug|Any CPU
		Release|Any CPU = Release|Any CPU
	EndGlobalSection
	GlobalSection(ProjectConfigurationPlatforms) = postSolution
		{1370C769-1DB7-B0D5-A33B-5267A69A44FB}.Debug|Any CPU.ActiveCfg = Debug|Any CPU
		{1370C769-1DB7-B0D5-A33B-5267A69A44FB}.Debug|Any CPU.Build.0 = Debug|Any CPU
		{1370C769-1DB7-B0D5-A33B-5267A69A44FB}.Release|Any CPU.ActiveCfg = Release|Any CPU
		{1370C769-1DB7-B0D5-A33B-5267A69A44FB}.Release|Any CPU.Build.0 = Release|Any CPU
	EndGlobalSection
	GlobalSection(SolutionProperties) = preSolution
		HideSolutionNode = FALSE
	EndGlobalSection
	GlobalSection(ExtensibilityGlobals) = postSolution
		SolutionGuid = {F1B0B40C-CE26-4353-8685-FA538AE2E92F}
	EndGlobalSection
EndGlobal
